
Microsoft Visual Studio Solution File, Format Version 12.00
# Visual Studio Version 16
VisualStudioVersion = 16.0.32106.194
MinimumVisualStudioVersion = 10.0.40219.1
Project("{FAE04EC0-301F-11D3-BF4B-00C04F79EFBC}") = "SignalR", "SignalR\SignalR.csproj", "{F368B4C4-A634-4F09-8DA6-69D801420B84}"
EndProject
Global
	GlobalSection(SolutionConfigurationPlatforms) = preSolution
		Debug|Any CPU = Debug|Any CPU
		Release|Any CPU = Release|Any CPU
	EndGlobalSection
	GlobalSection(ProjectConfigurationPlatforms) = postSolution
		{F368B4C4-A634-4F09-8DA6-69D801420B84}.Debug|Any CPU.ActiveCfg = Debug|Any CPU
		{F368B4C4-A634-4F09-8DA6-69D801420B84}.Debug|Any CPU.Build.0 = Debug|Any CPU
		{F368B4C4-A634-4F09-8DA6-69D801420B84}.Release|Any CPU.ActiveCfg = Release|Any CPU
		{F368B4C4-A634-4F09-8DA6-69D801420B84}.Release|Any CPU.Build.0 = Release|Any CPU
	EndGlobalSection
	GlobalSection(SolutionProperties) = preSolution
		HideSolutionNode = FALSE
	EndGlobalSection
	GlobalSection(ExtensibilityGlobals) = postSolution
		SolutionGuid = {02D16528-35BA-4E64-894F-EF9171FF5A10}
	EndGlobalSection
EndGlobal
